
Microsoft Visual Studio Solution File, Format Version 12.00
# Visual Studio Version 17
VisualStudioVersion = 17.5.2.0
MinimumVisualStudioVersion = 10.0.40219.1
Project("{FAE04EC0-301F-11D3-BF4B-00C04F79EFBC}") = "movieLibraryAPI", "movieLibraryAPI\movieLibraryAPI.csproj", "{C5D4329C-4F5C-38FE-7F0C-DCF9A32B96CB}"
EndProject
Project("{FAE04EC0-301F-11D3-BF4B-00C04F79EFBC}") = "movieLibrary.Tests", "movieLibrary.Tests\movieLibrary.Tests.csproj", "{25AE85DD-FA82-49C1-9833-86026815420E}"
EndProject
Project("{FAE04EC0-301F-11D3-BF4B-00C04F79EFBC}") = "movieLibraryService", "movieLibrary.Service\movieLibraryService.csproj", "{1F19D1AB-B7E9-4D15-9EC3-49111771A3E1}"
EndProject
Global
	GlobalSection(SolutionConfigurationPlatforms) = preSolution
		Debug|Any CPU = Debug|Any CPU
		Debug|x64 = Debug|x64
		Debug|x86 = Debug|x86
		Release|Any CPU = Release|Any CPU
		Release|x64 = Release|x64
		Release|x86 = Release|x86
	EndGlobalSection
	GlobalSection(ProjectConfigurationPlatforms) = postSolution
		{C5D4329C-4F5C-38FE-7F0C-DCF9A32B96CB}.Debug|Any CPU.ActiveCfg = Debug|Any CPU
		{C5D4329C-4F5C-38FE-7F0C-DCF9A32B96CB}.Debug|Any CPU.Build.0 = Debug|Any CPU
		{C5D4329C-4F5C-38FE-7F0C-DCF9A32B96CB}.Debug|x64.ActiveCfg = Debug|Any CPU
		{C5D4329C-4F5C-38FE-7F0C-DCF9A32B96CB}.Debug|x64.Build.0 = Debug|Any CPU
		{C5D4329C-4F5C-38FE-7F0C-DCF9A32B96CB}.Debug|x86.ActiveCfg = Debug|Any CPU
		{C5D4329C-4F5C-38FE-7F0C-DCF9A32B96CB}.Debug|x86.Build.0 = Debug|Any CPU
		{C5D4329C-4F5C-38FE-7F0C-DCF9A32B96CB}.Release|Any CPU.ActiveCfg = Release|Any CPU
		{C5D4329C-4F5C-38FE-7F0C-DCF9A32B96CB}.Release|Any CPU.Build.0 = Release|Any CPU
		{C5D4329C-4F5C-38FE-7F0C-DCF9A32B96CB}.Release|x64.ActiveCfg = Release|Any CPU
		{C5D4329C-4F5C-38FE-7F0C-DCF9A32B96CB}.Release|x64.Build.0 = Release|Any CPU
		{C5D4329C-4F5C-38FE-7F0C-DCF9A32B96CB}.Release|x86.ActiveCfg = Release|Any CPU
		{C5D4329C-4F5C-38FE-7F0C-DCF9A32B96CB}.Release|x86.Build.0 = Release|Any CPU
		{25AE85DD-FA82-49C1-9833-86026815420E}.Debug|Any CPU.ActiveCfg = Debug|Any CPU
		{25AE85DD-FA82-49C1-9833-86026815420E}.Debug|Any CPU.Build.0 = Debug|Any CPU
		{25AE85DD-FA82-49C1-9833-86026815420E}.Debug|x64.ActiveCfg = Debug|Any CPU
		{25AE85DD-FA82-49C1-9833-86026815420E}.Debug|x64.Build.0 = Debug|Any CPU
		{25AE85DD-FA82-49C1-9833-86026815420E}.Debug|x86.ActiveCfg = Debug|Any CPU
		{25AE85DD-FA82-49C1-9833-86026815420E}.Debug|x86.Build.0 = Debug|Any CPU
		{25AE85DD-FA82-49C1-9833-86026815420E}.Release|Any CPU.ActiveCfg = Release|Any CPU
		{25AE85DD-FA82-49C1-9833-86026815420E}.Release|Any CPU.Build.0 = Release|Any CPU
		{25AE85DD-FA82-49C1-9833-86026815420E}.Release|x64.ActiveCfg = Release|Any CPU
		{25AE85DD-FA82-49C1-9833-86026815420E}.Release|x64.Build.0 = Release|Any CPU
		{25AE85DD-FA82-49C1-9833-86026815420E}.Release|x86.ActiveCfg = Release|Any CPU
		{25AE85DD-FA82-49C1-9833-86026815420E}.Release|x86.Build.0 = Release|Any CPU
		{1F19D1AB-B7E9-4D15-9EC3-49111771A3E1}.Debug|Any CPU.ActiveCfg = Debug|Any CPU
		{1F19D1AB-B7E9-4D15-9EC3-49111771A3E1}.Debug|Any CPU.Build.0 = Debug|Any CPU
		{1F19D1AB-B7E9-4D15-9EC3-49111771A3E1}.Debug|x64.ActiveCfg = Debug|Any CPU
		{1F19D1AB-B7E9-4D15-9EC3-49111771A3E1}.Debug|x64.Build.0 = Debug|Any CPU
		{1F19D1AB-B7E9-4D15-9EC3-49111771A3E1}.Debug|x86.ActiveCfg = Debug|Any CPU
		{1F19D1AB-B7E9-4D15-9EC3-49111771A3E1}.Debug|x86.Build.0 = Debug|Any CPU
		{1F19D1AB-B7E9-4D15-9EC3-49111771A3E1}.Release|Any CPU.ActiveCfg = Release|Any CPU
		{1F19D1AB-B7E9-4D15-9EC3-49111771A3E1}.Release|Any CPU.Build.0 = Release|Any CPU
		{1F19D1AB-B7E9-4D15-9EC3-49111771A3E1}.Release|x64.ActiveCfg = Release|Any CPU
		{1F19D1AB-B7E9-4D15-9EC3-49111771A3E1}.Release|x64.Build.0 = Release|Any CPU
		{1F19D1AB-B7E9-4D15-9EC3-49111771A3E1}.Release|x86.ActiveCfg = Release|Any CPU
		{1F19D1AB-B7E9-4D15-9EC3-49111771A3E1}.Release|x86.Build.0 = Release|Any CPU
	EndGlobalSection
	GlobalSection(SolutionProperties) = preSolution
		HideSolutionNode = FALSE
	EndGlobalSection
	GlobalSection(NestedProjects) = preSolution
		{1F19D1AB-B7E9-4D15-9EC3-49111771A3E1} = {CD62757D-FFAF-C3C6-5D7A-119F10FBD7C8}
	EndGlobalSection
	GlobalSection(ExtensibilityGlobals) = postSolution
		SolutionGuid = {206838D5-4CD7-4590-9778-72FE3FFBA456}
	EndGlobalSection
EndGlobal
